
Microsoft Visual Studio Solution File, Format Version 12.00
# Visual Studio Version 16
VisualStudioVersion = 16.0.29613.14
MinimumVisualStudioVersion = 10.0.40219.1
Project("{9A19103F-16F7-4668-BE54-9A1E7A4F7556}") = "TheDesignPatterns", "TheDesignPatterns\TheDesignPatterns.csproj", "{576A56B1-3F24-4911-BEC4-27A0D128B704}"
EndProject
Global
	GlobalSection(SolutionConfigurationPlatforms) = preSolution
		Debug|Any CPU = Debug|Any CPU
		Release|Any CPU = Release|Any CPU
	EndGlobalSection
	GlobalSection(ProjectConfigurationPlatforms) = postSolution
		{576A56B1-3F24-4911-BEC4-27A0D128B704}.Debug|Any CPU.ActiveCfg = Debug|Any CPU
		{576A56B1-3F24-4911-BEC4-27A0D128B704}.Debug|Any CPU.Build.0 = Debug|Any CPU
		{576A56B1-3F24-4911-BEC4-27A0D128B704}.Release|Any CPU.ActiveCfg = Release|Any CPU
		{576A56B1-3F24-4911-BEC4-27A0D128B704}.Release|Any CPU.Build.0 = Release|Any CPU
	EndGlobalSection
	GlobalSection(SolutionProperties) = preSolution
		HideSolutionNode = FALSE
	EndGlobalSection
	GlobalSection(ExtensibilityGlobals) = postSolution
		SolutionGuid = {C147F55A-3408-40FC-AE51-9F972EA73BF7}
	EndGlobalSection
EndGlobal
